
Microsoft Visual Studio Solution File, Format Version 12.00
# Visual Studio Version 16
VisualStudioVersion = 16.0.33027.164
MinimumVisualStudioVersion = 10.0.40219.1
Project("{FAE04EC0-301F-11D3-BF4B-00C04F79EFBC}") = "HackerRank30DaysOfCodeD14", "HackerRank30DaysOfCodeD14\HackerRank30DaysOfCodeD14.csproj", "{CDFF3404-2320-4F8F-A0A9-5ADEAEF2F8CC}"
EndProject
Global
	GlobalSection(SolutionConfigurationPlatforms) = preSolution
		Debug|Any CPU = Debug|Any CPU
		Release|Any CPU = Release|Any CPU
	EndGlobalSection
	GlobalSection(ProjectConfigurationPlatforms) = postSolution
		{CDFF3404-2320-4F8F-A0A9-5ADEAEF2F8CC}.Debug|Any CPU.ActiveCfg = Debug|Any CPU
		{CDFF3404-2320-4F8F-A0A9-5ADEAEF2F8CC}.Debug|Any CPU.Build.0 = Debug|Any CPU
		{CDFF3404-2320-4F8F-A0A9-5ADEAEF2F8CC}.Release|Any CPU.ActiveCfg = Release|Any CPU
		{CDFF3404-2320-4F8F-A0A9-5ADEAEF2F8CC}.Release|Any CPU.Build.0 = Release|Any CPU
	EndGlobalSection
	GlobalSection(SolutionProperties) = preSolution
		HideSolutionNode = FALSE
	EndGlobalSection
	GlobalSection(ExtensibilityGlobals) = postSolution
		SolutionGuid = {4B7605A8-0D3E-46EC-9927-4670EE9CFE70}
	EndGlobalSection
EndGlobal
